{
  "name": "Knockout",
  "lockfileVersion": 3,
  "requires": true,
  "packages": {
    "": {
      "dependencies": {
        "knockout": "^3.5.1",
        "knockout-dragdrop": "^2.6.1",
        "normalize.css": "^8.0.1"
      }
    },
    "node_modules/knockout": {
      "version": "3.5.1",
      "resolved": "https://registry.npmjs.org/knockout/-/knockout-3.5.1.tgz",
      "integrity": "sha512-wRJ9I4az0QcsH7A4v4l0enUpkS++MBx0BnL/68KaLzJg7x1qmbjSlwEoCNol7KTYZ+pmtI7Eh2J0Nu6/2Z5J/Q=="
    },
    "node_modules/knockout-dragdrop": {
      "version": "2.6.1",
      "resolved": "https://registry.npmjs.org/knockout-dragdrop/-/knockout-dragdrop-2.6.1.tgz",
      "integrity": "sha512-4+AkzrkSk4AcARPH08jE+rqocgwZKCv16x8SbB1TZaPbYtDr6c4Ih0adIRx7S5Fcns6oR+VaFNJg918xOe44Uw=="
    },
    "node_modules/normalize.css": {
      "version": "8.0.1",
      "resolved": "https://registry.npmjs.org/normalize.css/-/normalize.css-8.0.1.tgz",
      "integrity": "sha512-qizSNPO93t1YUuUhP22btGOo3chcvDFqFaj2TRybP0DMxkHOCTYwp3n34fel4a31ORXy4m1Xq0Gyqpb5m33qIg=="
    }
  }
}
